# This file is automatically @generated by Cargo.
# It is not intended for manual editing.
version = 4

[[package]]
name = "adler2"
version = "2.0.1"
source = "registry+https://github.com/rust-lang/crates.io-index"
checksum = "320119579fcad9c21884f5c4861d16174d0e06250625266f50fe6898340abefa"

[[package]]
name = "array_chunks"
version = "1.0.0"
source = "registry+https://github.com/rust-lang/crates.io-index"
checksum = "75892c1bdf5a3e474bbab36fa7f08d1bcc49ce35bd08fdd44cd761805b5865ac"

[[package]]
name = "atools"
version = "0.1.12"
source = "registry+https://github.com/rust-lang/crates.io-index"
checksum = "59fdfa9d3089fc0aa2676b7b3fe46484581faeef796d7b19b6eb1b908664efc3"

[[package]]
name = "bitflags"
version = "2.11.0"
source = "registry+https://github.com/rust-lang/crates.io-index"
checksum = "843867be96c8daad0d758b57df9392b6d8d271134fce549de6ce169ff98a92af"

[[package]]
name = "car"
version = "0.1.3"
source = "registry+https://github.com/rust-lang/crates.io-index"
checksum = "6af0bd903a7b7fa9fbb4316af201a4034e628f4eebb8391ed6e73d78188b69da"
dependencies = [
 "proc-macro2",
 "quote",
 "syn",
]

[[package]]
name = "cfg-if"
version = "1.0.4"
source = "registry+https://github.com/rust-lang/crates.io-index"
checksum = "9330f8b2ff13f34540b44e946ef35111825727b38d33286ef986142615121801"

[[package]]
name = "clipline"
version = "0.4.0"
source = "registry+https://github.com/rust-lang/crates.io-index"
checksum = "ebc74a32c2299faf6ff143d789e25c52712eb5f81e55c37e9c916bdf2bb6fc39"

[[package]]
name = "crc32fast"
version = "1.5.0"
source = "registry+https://github.com/rust-lang/crates.io-index"
checksum = "9481c1c90cbf2ac953f07c8d4a58aa3945c425b7185c9154d67a65e4230da511"
dependencies = [
 "cfg-if",
]

[[package]]
name = "exoquant"
version = "0.2.0"
source = "registry+https://github.com/rust-lang/crates.io-index"
checksum = "5048aeecde83b7455a63b44aa54da5321d6171cff2adb8a5959849e142e5e4aa"

[[package]]
name = "fdeflate"
version = "0.3.7"
source = "registry+https://github.com/rust-lang/crates.io-index"
checksum = "1e6853b52649d4ac5c0bd02320cddc5ba956bdb407c4b75a2c6b75bf51500f8c"
dependencies = [
 "simd-adler32",
]

[[package]]
name = "fer"
version = "0.1.1"
source = "registry+https://github.com/rust-lang/crates.io-index"
checksum = "6a02dba6a60cd31533cf16561ced53239686d18f1464bff49579dd320fcea081"

[[package]]
name = "fimg"
version = "0.4.52"
source = "git+https://git.bendn.org/fimg#6db604c71c7e278c9d8c285510678dd46c49c4ab"
dependencies = [
 "array_chunks",
 "atools",
 "car",
 "clipline",
 "fer",
 "hinted 1.0.0",
 "libc",
 "lower",
 "mattr 0.0.2",
 "png",
 "umath",
 "vecto",
]

[[package]]
name = "flate2"
version = "1.1.9"
source = "registry+https://github.com/rust-lang/crates.io-index"
checksum = "843fba2746e448b37e26a819579957415c8cef339bf08564fe8b7ddbd959573c"
dependencies = [
 "crc32fast",
 "miniz_oxide",
]

[[package]]
name = "getrandom"
version = "0.2.17"
source = "registry+https://github.com/rust-lang/crates.io-index"
checksum = "ff2abc00be7fca6ebc474524697ae276ad847ad0a6b3faa4bcb027e9a4614ad0"
dependencies = [
 "cfg-if",
 "libc",
 "wasi",
]

[[package]]
name = "hinted"
version = "0.0.2"
source = "registry+https://github.com/rust-lang/crates.io-index"
checksum = "c488b6122f67ca2749a801d562c8c952e1778c42910c43ef537a6f5a46b524f2"

[[package]]
name = "hinted"
version = "1.0.0"
source = "registry+https://github.com/rust-lang/crates.io-index"
checksum = "fad79747186550b8c2ea31ec84fd8c4cdcdf9eb99ebced0f47d7d78ad3ab614b"

[[package]]
name = "libc"
version = "0.2.182"
source = "registry+https://github.com/rust-lang/crates.io-index"
checksum = "6800badb6cb2082ffd7b6a67e6125bb39f18782f793520caee8cb8846be06112"

[[package]]
name = "lower"
version = "0.2.1"
source = "registry+https://github.com/rust-lang/crates.io-index"
checksum = "9faac1cfe5c3c955d3caa12e501034062890c67c7dd756eedfcf38709eb917d9"
dependencies = [
 "lower-macros",
]

[[package]]
name = "lower-macros"
version = "0.2.11"
source = "registry+https://github.com/rust-lang/crates.io-index"
checksum = "a1685e573ae55817b3a8169edb1a9541b4f9e2ce166d7248e813078d2665b0f2"
dependencies = [
 "proc-macro2",
 "quote",
 "syn",
]

[[package]]
name = "mattr"
version = "0.0.2"
source = "registry+https://github.com/rust-lang/crates.io-index"
checksum = "5f63dc7ec862e5d146c89d104d437548fef5216a6a653f4afc4b87c581970677"

[[package]]
name = "mattr"
version = "1.0.1"
source = "registry+https://github.com/rust-lang/crates.io-index"
checksum = "2e63a98f1fe2eb6691749f29f4cbaee9b7ecab1237b7f03ae06bd39336d0322d"

[[package]]
name = "miniz_oxide"
version = "0.8.9"
source = "registry+https://github.com/rust-lang/crates.io-index"
checksum = "1fa76a2c86f704bdb222d66965fb3d63269ce38518b83cb0575fca855ebb6316"
dependencies = [
 "adler2",
 "simd-adler32",
]

[[package]]
name = "png"
version = "0.18.1"
source = "registry+https://github.com/rust-lang/crates.io-index"
checksum = "60769b8b31b2a9f263dae2776c37b1b28ae246943cf719eb6946a1db05128a61"
dependencies = [
 "bitflags",
 "crc32fast",
 "fdeflate",
 "flate2",
 "miniz_oxide",
]

[[package]]
name = "ppv-lite86"
version = "0.2.21"
source = "registry+https://github.com/rust-lang/crates.io-index"
checksum = "85eae3c4ed2f50dcfe72643da4befc30deadb458a9b590d720cde2f2b1e97da9"
dependencies = [
 "zerocopy",
]

[[package]]
name = "proc-macro2"
version = "1.0.106"
source = "registry+https://github.com/rust-lang/crates.io-index"
checksum = "8fd00f0bb2e90d81d1044c2b32617f68fcb9fa3bb7640c23e9c748e53fb30934"
dependencies = [
 "unicode-ident",
]

[[package]]
name = "quote"
version = "1.0.44"
source = "registry+https://github.com/rust-lang/crates.io-index"
checksum = "21b2ebcf727b7760c461f091f9f0f539b77b8e87f2fd88131e7f1b433b3cece4"
dependencies = [
 "proc-macro2",
]

[[package]]
name = "rand"
version = "0.8.5"
source = "registry+https://github.com/rust-lang/crates.io-index"
checksum = "34af8d1a0e25924bc5b7c43c079c942339d8f0a8b57c39049bef581b46327404"
dependencies = [
 "libc",
 "rand_chacha",
 "rand_core",
]

[[package]]
name = "rand_chacha"
version = "0.3.1"
source = "registry+https://github.com/rust-lang/crates.io-index"
checksum = "e6c10a63a0fa32252be49d21e7709d4d4baf8d231c2dbce1eaa8141b9b127d88"
dependencies = [
 "ppv-lite86",
 "rand_core",
]

[[package]]
name = "rand_core"
version = "0.6.4"
source = "registry+https://github.com/rust-lang/crates.io-index"
checksum = "ec0be4795e2f6a28069bec0b5ff3e2ac9bafc99e6a9a7dc3547996c5c816922c"
dependencies = [
 "getrandom",
]

[[package]]
name = "remapper"
version = "0.1.0"
dependencies = [
 "atools",
 "car",
 "exoquant",
 "fimg",
 "hinted 0.0.2",
 "lower",
 "mattr 1.0.1",
 "rand",
]

[[package]]
name = "simd-adler32"
version = "0.3.8"
source = "registry+https://github.com/rust-lang/crates.io-index"
checksum = "e320a6c5ad31d271ad523dcf3ad13e2767ad8b1cb8f047f75a8aeaf8da139da2"

[[package]]
name = "syn"
version = "2.0.116"
source = "registry+https://github.com/rust-lang/crates.io-index"
checksum = "3df424c70518695237746f84cede799c9c58fcb37450d7b23716568cc8bc69cb"
dependencies = [
 "proc-macro2",
 "quote",
 "unicode-ident",
]

[[package]]
name = "umath"
version = "0.0.7"
source = "registry+https://github.com/rust-lang/crates.io-index"
checksum = "42f74eb7957e3a63fa27bfa53c3d361e7ce3871e66f2518292a011eb8e2c00cc"

[[package]]
name = "unicode-ident"
version = "1.0.24"
source = "registry+https://github.com/rust-lang/crates.io-index"
checksum = "e6e4313cd5fcd3dad5cafa179702e2b244f760991f45397d14d4ebf38247da75"

[[package]]
name = "vecto"
version = "0.1.1"
source = "registry+https://github.com/rust-lang/crates.io-index"
checksum = "c9f1339978a8a20d3ca67ea5d6cbb13e5d06bfac55f5a2a05338fb13e36ab75d"
dependencies = [
 "umath",
]

[[package]]
name = "wasi"
version = "0.11.1+wasi-snapshot-preview1"
source = "registry+https://github.com/rust-lang/crates.io-index"
checksum = "ccf3ec651a847eb01de73ccad15eb7d99f80485de043efb2f370cd654f4ea44b"

[[package]]
name = "zerocopy"
version = "0.8.39"
source = "registry+https://github.com/rust-lang/crates.io-index"
checksum = "db6d35d663eadb6c932438e763b262fe1a70987f9ae936e60158176d710cae4a"
dependencies = [
 "zerocopy-derive",
]

[[package]]
name = "zerocopy-derive"
version = "0.8.39"
source = "registry+https://github.com/rust-lang/crates.io-index"
checksum = "4122cd3169e94605190e77839c9a40d40ed048d305bfdc146e7df40ab0f3e517"
dependencies = [
 "proc-macro2",
 "quote",
 "syn",
]
